
Microsoft Visual Studio Solution File, Format Version 12.00
# Visual Studio Version 17
VisualStudioVersion = 17.13.35825.156 d17.13
MinimumVisualStudioVersion = 10.0.40219.1
Project("{54A90642-561A-4BB1-A94E-469ADEE60C69}") = "AngularProject2", "AngularProject2.esproj", "{192E25AE-DA26-6AE8-56B6-28B7CF83A21E}"
EndProject
Global
	GlobalSection(SolutionConfigurationPlatforms) = preSolution
		Debug|Any CPU = Debug|Any CPU
		Release|Any CPU = Release|Any CPU
	EndGlobalSection
	GlobalSection(ProjectConfigurationPlatforms) = postSolution
		{192E25AE-DA26-6AE8-56B6-28B7CF83A21E}.Debug|Any CPU.ActiveCfg = Debug|Any CPU
		{192E25AE-DA26-6AE8-56B6-28B7CF83A21E}.Debug|Any CPU.Build.0 = Debug|Any CPU
		{192E25AE-DA26-6AE8-56B6-28B7CF83A21E}.Debug|Any CPU.Deploy.0 = Debug|Any CPU
		{192E25AE-DA26-6AE8-56B6-28B7CF83A21E}.Release|Any CPU.ActiveCfg = Release|Any CPU
		{192E25AE-DA26-6AE8-56B6-28B7CF83A21E}.Release|Any CPU.Build.0 = Release|Any CPU
		{192E25AE-DA26-6AE8-56B6-28B7CF83A21E}.Release|Any CPU.Deploy.0 = Release|Any CPU
	EndGlobalSection
	GlobalSection(SolutionProperties) = preSolution
		HideSolutionNode = FALSE
	EndGlobalSection
	GlobalSection(ExtensibilityGlobals) = postSolution
		SolutionGuid = {BD0E8491-CD35-4B6A-9C11-8621B1FF110B}
	EndGlobalSection
EndGlobal
